
Microsoft Visual Studio Solution File, Format Version 12.00
# Visual Studio Version 17
VisualStudioVersion = 17.8.34525.116
MinimumVisualStudioVersion = 10.0.40219.1
Project("{9A19103F-16F7-4668-BE54-9A1E7A4F7556}") = "FormulaOneConsole", "FormulaOneConsole\FormulaOneConsole.csproj", "{A9E473BA-951D-4ACD-BAF8-EF35A8434FFE}"
EndProject
Global
	GlobalSection(SolutionConfigurationPlatforms) = preSolution
		Debug|Any CPU = Debug|Any CPU
		Release|Any CPU = Release|Any CPU
	EndGlobalSection
	GlobalSection(ProjectConfigurationPlatforms) = postSolution
		{A9E473BA-951D-4ACD-BAF8-EF35A8434FFE}.Debug|Any CPU.ActiveCfg = Debug|Any CPU
		{A9E473BA-951D-4ACD-BAF8-EF35A8434FFE}.Debug|Any CPU.Build.0 = Debug|Any CPU
		{A9E473BA-951D-4ACD-BAF8-EF35A8434FFE}.Release|Any CPU.ActiveCfg = Release|Any CPU
		{A9E473BA-951D-4ACD-BAF8-EF35A8434FFE}.Release|Any CPU.Build.0 = Release|Any CPU
	EndGlobalSection
	GlobalSection(SolutionProperties) = preSolution
		HideSolutionNode = FALSE
	EndGlobalSection
	GlobalSection(ExtensibilityGlobals) = postSolution
		SolutionGuid = {C86D6EB4-F175-4B71-B9F3-3F16E5B023E6}
	EndGlobalSection
EndGlobal
